
Microsoft Visual Studio Solution File, Format Version 10.00
# Visual Studio 2008
Project("{FAE04EC0-301F-11D3-BF4B-00C04F79EFBC}") = "Pgm02", "Pgm02\Pgm02.csproj", "{94743B9F-F4E1-4EDE-99FA-2420EAB0A02F}"
EndProject
Global
	GlobalSection(SolutionConfigurationPlatforms) = preSolution
		Debug|x86 = Debug|x86
		Release|x86 = Release|x86
	EndGlobalSection
	GlobalSection(ProjectConfigurationPlatforms) = postSolution
		{94743B9F-F4E1-4EDE-99FA-2420EAB0A02F}.Debug|x86.ActiveCfg = Debug|x86
		{94743B9F-F4E1-4EDE-99FA-2420EAB0A02F}.Debug|x86.Build.0 = Debug|x86
		{94743B9F-F4E1-4EDE-99FA-2420EAB0A02F}.Release|x86.ActiveCfg = Release|x86
		{94743B9F-F4E1-4EDE-99FA-2420EAB0A02F}.Release|x86.Build.0 = Release|x86
		{D786E736-1D54-45E2-853B-F7CCAD78A7C4}.Debug|x86.ActiveCfg = Debug|x86
		{D786E736-1D54-45E2-853B-F7CCAD78A7C4}.Release|x86.ActiveCfg = Release|x86
	EndGlobalSection
	GlobalSection(SolutionProperties) = preSolution
		HideSolutionNode = FALSE
	EndGlobalSection
EndGlobal
